// !$*UTF8*$!
{
	archiveVersion = 1;
	classes = {
	};
	objectVersion = 55;
	objects = {

/* Begin PBXBuildFile section */
		D41C846D27BDE63D0058F103 /* PlayingView.swift in Sources */ = {isa = PBXBuildFile; fileRef = D41C846C27BDE63D0058F103 /* PlayingView.swift */; };
		D4235A4127C6832100C93345 /* ItemModel.swift in Sources */ = {isa = PBXBuildFile; fileRef = D4235A4027C6832100C93345 /* ItemModel.swift */; };
		D42A9F1027BD54E900F77379 /* AnkiApp.swift in Sources */ = {isa = PBXBuildFile; fileRef = D42A9F0F27BD54E900F77379 /* AnkiApp.swift */; };
		D42A9F1227BD54E900F77379 /* ContentView.swift in Sources */ = {isa = PBXBuildFile; fileRef = D42A9F1127BD54E900F77379 /* ContentView.swift */; };
		D42A9F1427BD54EA00F77379 /* Assets.xcassets in Resources */ = {isa = PBXBuildFile; fileRef = D42A9F1327BD54EA00F77379 /* Assets.xcassets */; };
		D42A9F1727BD54EA00F77379 /* Preview Assets.xcassets in Resources */ = {isa = PBXBuildFile; fileRef = D42A9F1627BD54EA00F77379 /* Preview Assets.xcassets */; };
		D42A9F1927BD54EA00F77379 /* Persistence.swift in Sources */ = {isa = PBXBuildFile; fileRef = D42A9F1827BD54EA00F77379 /* Persistence.swift */; };
		D42A9F1C27BD54EA00F77379 /* Anki.xcdatamodeld in Sources */ = {isa = PBXBuildFile; fileRef = D42A9F1A27BD54EA00F77379 /* Anki.xcdatamodeld */; };
		D42A9F2327BD55CF00F77379 /* ErrorAlertViewModifier.swift in Sources */ = {isa = PBXBuildFile; fileRef = D42A9F2227BD55CF00F77379 /* ErrorAlertViewModifier.swift */; };
		D45BAB2A27C5323B00FFCBAE /* CardView.swift in Sources */ = {isa = PBXBuildFile; fileRef = D45BAB2927C5323B00FFCBAE /* CardView.swift */; };
		D469BAB827CE52AB00024707 /* SettingsView.swift in Sources */ = {isa = PBXBuildFile; fileRef = D469BAB727CE52AB00024707 /* SettingsView.swift */; };
		D46B7B5D27BF45F10038CEDC /* StudyView.swift in Sources */ = {isa = PBXBuildFile; fileRef = D46B7B5C27BF45F10038CEDC /* StudyView.swift */; };
		D46B7B5F27BF47F40038CEDC /* QuizView.swift in Sources */ = {isa = PBXBuildFile; fileRef = D46B7B5E27BF47F40038CEDC /* QuizView.swift */; };
		D46B7B6127BF54570038CEDC /* BackButton.swift in Sources */ = {isa = PBXBuildFile; fileRef = D46B7B6027BF54570038CEDC /* BackButton.swift */; };
		D4B4A07E27BD62C0005E4E97 /* EditItemView.swift in Sources */ = {isa = PBXBuildFile; fileRef = D4B4A07D27BD62C0005E4E97 /* EditItemView.swift */; };
		D4E080A127BD592D00A27F34 /* AddItemView.swift in Sources */ = {isa = PBXBuildFile; fileRef = D4E080A027BD592D00A27F34 /* AddItemView.swift */; };
/* End PBXBuildFile section */

/* Begin PBXFileReference section */
		D41C846C27BDE63D0058F103 /* PlayingView.swift */ = {isa = PBXFileReference; lastKnownFileType = sourcecode.swift; path = PlayingView.swift; sourceTree = "<group>"; };
		D4235A4027C6832100C93345 /* ItemModel.swift */ = {isa = PBXFileReference; lastKnownFileType = sourcecode.swift; path = ItemModel.swift; sourceTree = "<group>"; };
		D42A9F0C27BD54E900F77379 /* Anki.app */ = {isa = PBXFileReference; explicitFileType = wrapper.application; includeInIndex = 0; path = Anki.app; sourceTree = BUILT_PRODUCTS_DIR; };
		D42A9F0F27BD54E900F77379 /* AnkiApp.swift */ = {isa = PBXFileReference; lastKnownFileType = sourcecode.swift; path = AnkiApp.swift; sourceTree = "<group>"; };
		D42A9F1127BD54E900F77379 /* ContentView.swift */ = {isa = PBXFileReference; lastKnownFileType = sourcecode.swift; path = ContentView.swift; sourceTree = "<group>"; };
		D42A9F1327BD54EA00F77379 /* Assets.xcassets */ = {isa = PBXFileReference; lastKnownFileType = folder.assetcatalog; path = Assets.xcassets; sourceTree = "<group>"; };
		D42A9F1627BD54EA00F77379 /* Preview Assets.xcassets */ = {isa = PBXFileReference; lastKnownFileType = folder.assetcatalog; path = "Preview Assets.xcassets"; sourceTree = "<group>"; };
		D42A9F1827BD54EA00F77379 /* Persistence.swift */ = {isa = PBXFileReference; lastKnownFileType = sourcecode.swift; path = Persistence.swift; sourceTree = "<group>"; };
		D42A9F1B27BD54EA00F77379 /* Anki.xcdatamodel */ = {isa = PBXFileReference; lastKnownFileType = wrapper.xcdatamodel; path = Anki.xcdatamodel; sourceTree = "<group>"; };
		D42A9F2227BD55CF00F77379 /* ErrorAlertViewModifier.swift */ = {isa = PBXFileReference; fileEncoding = 4; lastKnownFileType = sourcecode.swift; path = ErrorAlertViewModifier.swift; sourceTree = "<group>"; };
		D45BAB2927C5323B00FFCBAE /* CardView.swift */ = {isa = PBXFileReference; fileEncoding = 4; lastKnownFileType = sourcecode.swift; path = CardView.swift; sourceTree = "<group>"; };
		D469BAB727CE52AB00024707 /* SettingsView.swift */ = {isa = PBXFileReference; lastKnownFileType = sourcecode.swift; path = SettingsView.swift; sourceTree = "<group>"; };
		D46B7B5C27BF45F10038CEDC /* StudyView.swift */ = {isa = PBXFileReference; lastKnownFileType = sourcecode.swift; path = StudyView.swift; sourceTree = "<group>"; };
		D46B7B5E27BF47F40038CEDC /* QuizView.swift */ = {isa = PBXFileReference; lastKnownFileType = sourcecode.swift; path = QuizView.swift; sourceTree = "<group>"; };
		D46B7B6027BF54570038CEDC /* BackButton.swift */ = {isa = PBXFileReference; lastKnownFileType = sourcecode.swift; path = BackButton.swift; sourceTree = "<group>"; };
		D4B4A07D27BD62C0005E4E97 /* EditItemView.swift */ = {isa = PBXFileReference; lastKnownFileType = sourcecode.swift; path = EditItemView.swift; sourceTree = "<group>"; };
		D4E080A027BD592D00A27F34 /* AddItemView.swift */ = {isa = PBXFileReference; lastKnownFileType = sourcecode.swift; path = AddItemView.swift; sourceTree = "<group>"; };
/* End PBXFileReference section */

/* Begin PBXFrameworksBuildPhase section */
		D42A9F0927BD54E900F77379 /* Frameworks */ = {
			isa = PBXFrameworksBuildPhase;
			buildActionMask = 2147483647;
			files = (
			);
			runOnlyForDeploymentPostprocessing = 0;
		};
/* End PBXFrameworksBuildPhase section */

/* Begin PBXGroup section */
		D418988127C8DF6200F07B1A /* QuizView */ = {
			isa = PBXGroup;
			children = (
				D46B7B5E27BF47F40038CEDC /* QuizView.swift */,
			);
			path = QuizView;
			sourceTree = "<group>";
		};
		D418988227C8DF7C00F07B1A /* StudyView */ = {
			isa = PBXGroup;
			children = (
				D45BAB2927C5323B00FFCBAE /* CardView.swift */,
				D46B7B5C27BF45F10038CEDC /* StudyView.swift */,
			);
			path = StudyView;
			sourceTree = "<group>";
		};
		D42A9F0327BD54E900F77379 = {
			isa = PBXGroup;
			children = (
				D42A9F0E27BD54E900F77379 /* Anki */,
				D42A9F0D27BD54E900F77379 /* Products */,
			);
			sourceTree = "<group>";
		};
		D42A9F0D27BD54E900F77379 /* Products */ = {
			isa = PBXGroup;
			children = (
				D42A9F0C27BD54E900F77379 /* Anki.app */,
			);
			name = Products;
			sourceTree = "<group>";
		};
		D42A9F0E27BD54E900F77379 /* Anki */ = {
			isa = PBXGroup;
			children = (
				D4E0809F27BD591B00A27F34 /* View */,
				D42A9F2227BD55CF00F77379 /* ErrorAlertViewModifier.swift */,
				D42A9F0F27BD54E900F77379 /* AnkiApp.swift */,
				D42A9F1127BD54E900F77379 /* ContentView.swift */,
				D42A9F1327BD54EA00F77379 /* Assets.xcassets */,
				D42A9F1827BD54EA00F77379 /* Persistence.swift */,
				D42A9F1A27BD54EA00F77379 /* Anki.xcdatamodeld */,
				D42A9F1527BD54EA00F77379 /* Preview Content */,
				D4235A4027C6832100C93345 /* ItemModel.swift */,
			);
			path = Anki;
			sourceTree = "<group>";
		};
		D42A9F1527BD54EA00F77379 /* Preview Content */ = {
			isa = PBXGroup;
			children = (
				D42A9F1627BD54EA00F77379 /* Preview Assets.xcassets */,
			);
			path = "Preview Content";
			sourceTree = "<group>";
		};
		D45E26E527BFD11800140B3A /* PlayingView */ = {
			isa = PBXGroup;
			children = (
				D418988227C8DF7C00F07B1A /* StudyView */,
				D418988127C8DF6200F07B1A /* QuizView */,
				D41C846C27BDE63D0058F103 /* PlayingView.swift */,
			);
			path = PlayingView;
			sourceTree = "<group>";
		};
		D4E0809F27BD591B00A27F34 /* View */ = {
			isa = PBXGroup;
			children = (
				D45E26E527BFD11800140B3A /* PlayingView */,
				D4E080A027BD592D00A27F34 /* AddItemView.swift */,
				D4B4A07D27BD62C0005E4E97 /* EditItemView.swift */,
				D46B7B6027BF54570038CEDC /* BackButton.swift */,
				D469BAB727CE52AB00024707 /* SettingsView.swift */,
			);
			path = View;
			sourceTree = "<group>";
		};
/* End PBXGroup section */

/* Begin PBXNativeTarget section */
		D42A9F0B27BD54E900F77379 /* Anki */ = {
			isa = PBXNativeTarget;
			buildConfigurationList = D42A9F1F27BD54EA00F77379 /* Build configuration list for PBXNativeTarget "Anki" */;
			buildPhases = (
				D42A9F0827BD54E900F77379 /* Sources */,
				D42A9F0927BD54E900F77379 /* Frameworks */,
				D42A9F0A27BD54E900F77379 /* Resources */,
			);
			buildRules = (
			);
			dependencies = (
			);
			name = Anki;
			productName = Anki;
			productReference = D42A9F0C27BD54E900F77379 /* Anki.app */;
			productType = "com.apple.product-type.application";
		};
/* End PBXNativeTarget section */

/* Begin PBXProject section */
		D42A9F0427BD54E900F77379 /* Project object */ = {
			isa = PBXProject;
			attributes = {
				BuildIndependentTargetsInParallel = 1;
				LastSwiftUpdateCheck = 1320;
				LastUpgradeCheck = 1320;
				TargetAttributes = {
					D42A9F0B27BD54E900F77379 = {
						CreatedOnToolsVersion = 13.2.1;
					};
				};
			};
			buildConfigurationList = D42A9F0727BD54E900F77379 /* Build configuration list for PBXProject "Anki" */;
			compatibilityVersion = "Xcode 13.0";
			developmentRegion = en;
			hasScannedForEncodings = 0;
			knownRegions = (
				en,
				Base,
			);
			mainGroup = D42A9F0327BD54E900F77379;
			productRefGroup = D42A9F0D27BD54E900F77379 /* Products */;
			projectDirPath = "";
			projectRoot = "";
			targets = (
				D42A9F0B27BD54E900F77379 /* Anki */,
			);
		};
/* End PBXProject section */

/* Begin PBXResourcesBuildPhase section */
		D42A9F0A27BD54E900F77379 /* Resources */ = {
			isa = PBXResourcesBuildPhase;
			buildActionMask = 2147483647;
			files = (
				D42A9F1727BD54EA00F77379 /* Preview Assets.xcassets in Resources */,
				D42A9F1427BD54EA00F77379 /* Assets.xcassets in Resources */,
			);
			runOnlyForDeploymentPostprocessing = 0;
		};
/* End PBXResourcesBuildPhase section */

/* Begin PBXSourcesBuildPhase section */
		D42A9F0827BD54E900F77379 /* Sources */ = {
			isa = PBXSourcesBuildPhase;
			buildActionMask = 2147483647;
			files = (
				D469BAB827CE52AB00024707 /* SettingsView.swift in Sources */,
				D42A9F2327BD55CF00F77379 /* ErrorAlertViewModifier.swift in Sources */,
				D4E080A127BD592D00A27F34 /* AddItemView.swift in Sources */,
				D46B7B6127BF54570038CEDC /* BackButton.swift in Sources */,
				D42A9F1C27BD54EA00F77379 /* Anki.xcdatamodeld in Sources */,
				D41C846D27BDE63D0058F103 /* PlayingView.swift in Sources */,
				D46B7B5D27BF45F10038CEDC /* StudyView.swift in Sources */,
				D42A9F1927BD54EA00F77379 /* Persistence.swift in Sources */,
				D42A9F1227BD54E900F77379 /* ContentView.swift in Sources */,
				D46B7B5F27BF47F40038CEDC /* QuizView.swift in Sources */,
				D42A9F1027BD54E900F77379 /* AnkiApp.swift in Sources */,
				D45BAB2A27C5323B00FFCBAE /* CardView.swift in Sources */,
				D4235A4127C6832100C93345 /* ItemModel.swift in Sources */,
				D4B4A07E27BD62C0005E4E97 /* EditItemView.swift in Sources */,
			);
			runOnlyForDeploymentPostprocessing = 0;
		};
/* End PBXSourcesBuildPhase section */

/* Begin XCBuildConfiguration section */
		D42A9F1D27BD54EA00F77379 /* Debug */ = {
			isa = XCBuildConfiguration;
			buildSettings = {
				ALWAYS_SEARCH_USER_PATHS = NO;
				CLANG_ANALYZER_NONNULL = YES;
				CLANG_ANALYZER_NUMBER_OBJECT_CONVERSION = YES_AGGRESSIVE;
				CLANG_CXX_LANGUAGE_STANDARD = "gnu++17";
				CLANG_CXX_LIBRARY = "libc++";
				CLANG_ENABLE_MODULES = YES;
				CLANG_ENABLE_OBJC_ARC = YES;
				CLANG_ENABLE_OBJC_WEAK = YES;
				CLANG_WARN_BLOCK_CAPTURE_AUTORELEASING = YES;
				CLANG_WARN_BOOL_CONVERSION = YES;
				CLANG_WARN_COMMA = YES;
				CLANG_WARN_CONSTANT_CONVERSION = YES;
				CLANG_WARN_DEPRECATED_OBJC_IMPLEMENTATIONS = YES;
				CLANG_WARN_DIRECT_OBJC_ISA_USAGE = YES_ERROR;
				CLANG_WARN_DOCUMENTATION_COMMENTS = YES;
				CLANG_WARN_EMPTY_BODY = YES;
				CLANG_WARN_ENUM_CONVERSION = YES;
				CLANG_WARN_INFINITE_RECURSION = YES;
				CLANG_WARN_INT_CONVERSION = YES;
				CLANG_WARN_NON_LITERAL_NULL_CONVERSION = YES;
				CLANG_WARN_OBJC_IMPLICIT_RETAIN_SELF = YES;
				CLANG_WARN_OBJC_LITERAL_CONVERSION = YES;
				CLANG_WARN_OBJC_ROOT_CLASS = YES_ERROR;
				CLANG_WARN_QUOTED_INCLUDE_IN_FRAMEWORK_HEADER = YES;
				CLANG_WARN_RANGE_LOOP_ANALYSIS = YES;
				CLANG_WARN_STRICT_PROTOTYPES = YES;
				CLANG_WARN_SUSPICIOUS_MOVE = YES;
				CLANG_WARN_UNGUARDED_AVAILABILITY = YES_AGGRESSIVE;
				CLANG_WARN_UNREACHABLE_CODE = YES;
				CLANG_WARN__DUPLICATE_METHOD_MATCH = YES;
				COPY_PHASE_STRIP = NO;
				DEBUG_INFORMATION_FORMAT = dwarf;
				ENABLE_STRICT_OBJC_MSGSEND = YES;
				ENABLE_TESTABILITY = YES;
				GCC_C_LANGUAGE_STANDARD = gnu11;
				GCC_DYNAMIC_NO_PIC = NO;
				GCC_NO_COMMON_BLOCKS = YES;
				GCC_OPTIMIZATION_LEVEL = 0;
				GCC_PREPROCESSOR_DEFINITIONS = (
					"DEBUG=1",
					"$(inherited)",
				);
				GCC_WARN_64_TO_32_BIT_CONVERSION = YES;
				GCC_WARN_ABOUT_RETURN_TYPE = YES_ERROR;
				GCC_WARN_UNDECLARED_SELECTOR = YES;
				GCC_WARN_UNINITIALIZED_AUTOS = YES_AGGRESSIVE;
				GCC_WARN_UNUSED_FUNCTION = YES;
				GCC_WARN_UNUSED_VARIABLE = YES;
				IPHONEOS_DEPLOYMENT_TARGET = 15.2;
				MTL_ENABLE_DEBUG_INFO = INCLUDE_SOURCE;
				MTL_FAST_MATH = YES;
				ONLY_ACTIVE_ARCH = YES;
				SDKROOT = iphoneos;
				SWIFT_ACTIVE_COMPILATION_CONDITIONS = DEBUG;
				SWIFT_OPTIMIZATION_LEVEL = "-Onone";
			};
			name = Debug;
		};
		D42A9F1E27BD54EA00F77379 /* Release */ = {
			isa = XCBuildConfiguration;
			buildSettings = {
				ALWAYS_SEARCH_USER_PATHS = NO;
				CLANG_ANALYZER_NONNULL = YES;
				CLANG_ANALYZER_NUMBER_OBJECT_CONVERSION = YES_AGGRESSIVE;
				CLANG_CXX_LANGUAGE_STANDARD = "gnu++17";
				CLANG_CXX_LIBRARY = "libc++";
				CLANG_ENABLE_MODULES = YES;
				CLANG_ENABLE_OBJC_ARC = YES;
				CLANG_ENABLE_OBJC_WEAK = YES;
				CLANG_WARN_BLOCK_CAPTURE_AUTORELEASING = YES;
				CLANG_WARN_BOOL_CONVERSION = YES;
				CLANG_WARN_COMMA = YES;
				CLANG_WARN_CONSTANT_CONVERSION = YES;
				CLANG_WARN_DEPRECATED_OBJC_IMPLEMENTATIONS = YES;
				CLANG_WARN_DIRECT_OBJC_ISA_USAGE = YES_ERROR;
				CLANG_WARN_DOCUMENTATION_COMMENTS = YES;
				CLANG_WARN_EMPTY_BODY = YES;
				CLANG_WARN_ENUM_CONVERSION = YES;
				CLANG_WARN_INFINITE_RECURSION = YES;
				CLANG_WARN_INT_CONVERSION = YES;
				CLANG_WARN_NON_LITERAL_NULL_CONVERSION = YES;
				CLANG_WARN_OBJC_IMPLICIT_RETAIN_SELF = YES;
				CLANG_WARN_OBJC_LITERAL_CONVERSION = YES;
				CLANG_WARN_OBJC_ROOT_CLASS = YES_ERROR;
				CLANG_WARN_QUOTED_INCLUDE_IN_FRAMEWORK_HEADER = YES;
				CLANG_WARN_RANGE_LOOP_ANALYSIS = YES;
				CLANG_WARN_STRICT_PROTOTYPES = YES;
				CLANG_WARN_SUSPICIOUS_MOVE = YES;
				CLANG_WARN_UNGUARDED_AVAILABILITY = YES_AGGRESSIVE;
				CLANG_WARN_UNREACHABLE_CODE = YES;
				CLANG_WARN__DUPLICATE_METHOD_MATCH = YES;
				COPY_PHASE_STRIP = NO;
				DEBUG_INFORMATION_FORMAT = "dwarf-with-dsym";
				ENABLE_NS_ASSERTIONS = NO;
				ENABLE_STRICT_OBJC_MSGSEND = YES;
				GCC_C_LANGUAGE_STANDARD = gnu11;
				GCC_NO_COMMON_BLOCKS = YES;
				GCC_WARN_64_TO_32_BIT_CONVERSION = YES;
				GCC_WARN_ABOUT_RETURN_TYPE = YES_ERROR;
				GCC_WARN_UNDECLARED_SELECTOR = YES;
				GCC_WARN_UNINITIALIZED_AUTOS = YES_AGGRESSIVE;
				GCC_WARN_UNUSED_FUNCTION = YES;
				GCC_WARN_UNUSED_VARIABLE = YES;
				IPHONEOS_DEPLOYMENT_TARGET = 15.2;
				MTL_ENABLE_DEBUG_INFO = NO;
				MTL_FAST_MATH = YES;
				SDKROOT = iphoneos;
				SWIFT_COMPILATION_MODE = wholemodule;
				SWIFT_OPTIMIZATION_LEVEL = "-O";
				VALIDATE_PRODUCT = YES;
			};
			name = Release;
		};
		D42A9F2027BD54EA00F77379 /* Debug */ = {
			isa = XCBuildConfiguration;
			buildSettings = {
				ASSETCATALOG_COMPILER_APPICON_NAME = AppIcon;
				ASSETCATALOG_COMPILER_GLOBAL_ACCENT_COLOR_NAME = AccentColor;
				CODE_SIGN_STYLE = Automatic;
				CURRENT_PROJECT_VERSION = 1;
				DEVELOPMENT_ASSET_PATHS = "\"Anki/Preview Content\"";
				DEVELOPMENT_TEAM = SH6X4V52X3;
				ENABLE_PREVIEWS = YES;
				GENERATE_INFOPLIST_FILE = YES;
				INFOPLIST_KEY_UIApplicationSceneManifest_Generation = YES;
				INFOPLIST_KEY_UIApplicationSupportsIndirectInputEvents = YES;
				INFOPLIST_KEY_UILaunchScreen_Generation = YES;
				INFOPLIST_KEY_UISupportedInterfaceOrientations = UIInterfaceOrientationPortrait;
				INFOPLIST_KEY_UISupportedInterfaceOrientations_iPad = "UIInterfaceOrientationPortrait UIInterfaceOrientationPortraitUpsideDown UIInterfaceOrientationLandscapeLeft UIInterfaceOrientationLandscapeRight";
				INFOPLIST_KEY_UISupportedInterfaceOrientations_iPhone = "UIInterfaceOrientationPortrait UIInterfaceOrientationLandscapeLeft UIInterfaceOrientationLandscapeRight";
				LD_RUNPATH_SEARCH_PATHS = (
					"$(inherited)",
					"@executable_path/Frameworks",
				);
				MARKETING_VERSION = 1.0;
				PRODUCT_BUNDLE_IDENTIFIER = com.jefferson.Anki;
				PRODUCT_NAME = "$(TARGET_NAME)";
				SWIFT_EMIT_LOC_STRINGS = YES;
				SWIFT_VERSION = 5.0;
				TARGETED_DEVICE_FAMILY = "1,2";
			};
			name = Debug;
		};
		D42A9F2127BD54EA00F77379 /* Release */ = {
			isa = XCBuildConfiguration;
			buildSettings = {
				ASSETCATALOG_COMPILER_APPICON_NAME = AppIcon;
				ASSETCATALOG_COMPILER_GLOBAL_ACCENT_COLOR_NAME = AccentColor;
				CODE_SIGN_STYLE = Automatic;
				CURRENT_PROJECT_VERSION = 1;
				DEVELOPMENT_ASSET_PATHS = "\"Anki/Preview Content\"";
				DEVELOPMENT_TEAM = SH6X4V52X3;
				ENABLE_PREVIEWS = YES;
				GENERATE_INFOPLIST_FILE = YES;
				INFOPLIST_KEY_UIApplicationSceneManifest_Generation = YES;
				INFOPLIST_KEY_UIApplicationSupportsIndirectInputEvents = YES;
				INFOPLIST_KEY_UILaunchScreen_Generation = YES;
				INFOPLIST_KEY_UISupportedInterfaceOrientations = UIInterfaceOrientationPortrait;
				INFOPLIST_KEY_UISupportedInterfaceOrientations_iPad = "UIInterfaceOrientationPortrait UIInterfaceOrientationPortraitUpsideDown UIInterfaceOrientationLandscapeLeft UIInterfaceOrientationLandscapeRight";
				INFOPLIST_KEY_UISupportedInterfaceOrientations_iPhone = "UIInterfaceOrientationPortrait UIInterfaceOrientationLandscapeLeft UIInterfaceOrientationLandscapeRight";
				LD_RUNPATH_SEARCH_PATHS = (
					"$(inherited)",
					"@executable_path/Frameworks",
				);
				MARKETING_VERSION = 1.0;
				PRODUCT_BUNDLE_IDENTIFIER = com.jefferson.Anki;
				PRODUCT_NAME = "$(TARGET_NAME)";
				SWIFT_EMIT_LOC_STRINGS = YES;
				SWIFT_VERSION = 5.0;
				TARGETED_DEVICE_FAMILY = "1,2";
			};
			name = Release;
		};
/* End XCBuildConfiguration section */

/* Begin XCConfigurationList section */
		D42A9F0727BD54E900F77379 /* Build configuration list for PBXProject "Anki" */ = {
			isa = XCConfigurationList;
			buildConfigurations = (
				D42A9F1D27BD54EA00F77379 /* Debug */,
				D42A9F1E27BD54EA00F77379 /* Release */,
			);
			defaultConfigurationIsVisible = 0;
			defaultConfigurationName = Release;
		};
		D42A9F1F27BD54EA00F77379 /* Build configuration list for PBXNativeTarget "Anki" */ = {
			isa = XCConfigurationList;
			buildConfigurations = (
				D42A9F2027BD54EA00F77379 /* Debug */,
				D42A9F2127BD54EA00F77379 /* Release */,
			);
			defaultConfigurationIsVisible = 0;
			defaultConfigurationName = Release;
		};
/* End XCConfigurationList section */

/* Begin XCVersionGroup section */
		D42A9F1A27BD54EA00F77379 /* Anki.xcdatamodeld */ = {
			isa = XCVersionGroup;
			children = (
				D42A9F1B27BD54EA00F77379 /* Anki.xcdatamodel */,
			);
			currentVersion = D42A9F1B27BD54EA00F77379 /* Anki.xcdatamodel */;
			path = Anki.xcdatamodeld;
			sourceTree = "<group>";
			versionGroupType = wrapper.xcdatamodel;
		};
/* End XCVersionGroup section */
	};
	rootObject = D42A9F0427BD54E900F77379 /* Project object */;
}
